// !$*UTF8*$!
{
	archiveVersion = 1;
	classes = {
	};
	objectVersion = 56;
	objects = {

/* Begin PBXBuildFile section */
		220EA8852AFE14EA00A0D75F /* AppDelegate.swift in Sources */ = {isa = PBXBuildFile; fileRef = 220EA8842AFE14EA00A0D75F /* AppDelegate.swift */; };
		220EA8872AFE14EA00A0D75F /* SceneDelegate.swift in Sources */ = {isa = PBXBuildFile; fileRef = 220EA8862AFE14EA00A0D75F /* SceneDelegate.swift */; };
		220EA8892AFE14EA00A0D75F /* MainTabBarViewController.swift in Sources */ = {isa = PBXBuildFile; fileRef = 220EA8882AFE14EA00A0D75F /* MainTabBarViewController.swift */; };
		220EA88E2AFE14EC00A0D75F /* Assets.xcassets in Resources */ = {isa = PBXBuildFile; fileRef = 220EA88D2AFE14EC00A0D75F /* Assets.xcassets */; };
		220EA8912AFE14EC00A0D75F /* LaunchScreen.storyboard in Resources */ = {isa = PBXBuildFile; fileRef = 220EA88F2AFE14EC00A0D75F /* LaunchScreen.storyboard */; };
		22440E6E2AFE4C9700775193 /* HomeViewController.swift in Sources */ = {isa = PBXBuildFile; fileRef = 22440E6D2AFE4C9700775193 /* HomeViewController.swift */; };
		22440E702AFE4D0400775193 /* UpcomingViewController.swift in Sources */ = {isa = PBXBuildFile; fileRef = 22440E6F2AFE4D0400775193 /* UpcomingViewController.swift */; };
		22440E722AFE4D3500775193 /* SearchViewController.swift in Sources */ = {isa = PBXBuildFile; fileRef = 22440E712AFE4D3500775193 /* SearchViewController.swift */; };
		22440E742AFE4D6900775193 /* DownloadsViewController.swift in Sources */ = {isa = PBXBuildFile; fileRef = 22440E732AFE4D6900775193 /* DownloadsViewController.swift */; };
		22440E7B2AFE536300775193 /* CollectionViewTableViewCell.swift in Sources */ = {isa = PBXBuildFile; fileRef = 22440E7A2AFE536300775193 /* CollectionViewTableViewCell.swift */; };
/* End PBXBuildFile section */

/* Begin PBXFileReference section */
		220EA8812AFE14EA00A0D75F /* youtubeAppStudyNetflixClone.app */ = {isa = PBXFileReference; explicitFileType = wrapper.application; includeInIndex = 0; path = youtubeAppStudyNetflixClone.app; sourceTree = BUILT_PRODUCTS_DIR; };
		220EA8842AFE14EA00A0D75F /* AppDelegate.swift */ = {isa = PBXFileReference; lastKnownFileType = sourcecode.swift; path = AppDelegate.swift; sourceTree = "<group>"; };
		220EA8862AFE14EA00A0D75F /* SceneDelegate.swift */ = {isa = PBXFileReference; lastKnownFileType = sourcecode.swift; path = SceneDelegate.swift; sourceTree = "<group>"; };
		220EA8882AFE14EA00A0D75F /* MainTabBarViewController.swift */ = {isa = PBXFileReference; lastKnownFileType = sourcecode.swift; path = MainTabBarViewController.swift; sourceTree = "<group>"; };
		220EA88D2AFE14EC00A0D75F /* Assets.xcassets */ = {isa = PBXFileReference; lastKnownFileType = folder.assetcatalog; path = Assets.xcassets; sourceTree = "<group>"; };
		220EA8902AFE14EC00A0D75F /* Base */ = {isa = PBXFileReference; lastKnownFileType = file.storyboard; name = Base; path = Base.lproj/LaunchScreen.storyboard; sourceTree = "<group>"; };
		220EA8922AFE14EC00A0D75F /* Info.plist */ = {isa = PBXFileReference; lastKnownFileType = text.plist.xml; path = Info.plist; sourceTree = "<group>"; };
		22440E6D2AFE4C9700775193 /* HomeViewController.swift */ = {isa = PBXFileReference; lastKnownFileType = sourcecode.swift; path = HomeViewController.swift; sourceTree = "<group>"; };
		22440E6F2AFE4D0400775193 /* UpcomingViewController.swift */ = {isa = PBXFileReference; lastKnownFileType = sourcecode.swift; path = UpcomingViewController.swift; sourceTree = "<group>"; };
		22440E712AFE4D3500775193 /* SearchViewController.swift */ = {isa = PBXFileReference; lastKnownFileType = sourcecode.swift; path = SearchViewController.swift; sourceTree = "<group>"; };
		22440E732AFE4D6900775193 /* DownloadsViewController.swift */ = {isa = PBXFileReference; lastKnownFileType = sourcecode.swift; path = DownloadsViewController.swift; sourceTree = "<group>"; };
		22440E7A2AFE536300775193 /* CollectionViewTableViewCell.swift */ = {isa = PBXFileReference; lastKnownFileType = sourcecode.swift; path = CollectionViewTableViewCell.swift; sourceTree = "<group>"; };
/* End PBXFileReference section */

/* Begin PBXFrameworksBuildPhase section */
		220EA87E2AFE14EA00A0D75F /* Frameworks */ = {
			isa = PBXFrameworksBuildPhase;
			buildActionMask = 2147483647;
			files = (
			);
			runOnlyForDeploymentPostprocessing = 0;
		};
/* End PBXFrameworksBuildPhase section */

/* Begin PBXGroup section */
		220EA8782AFE14EA00A0D75F = {
			isa = PBXGroup;
			children = (
				220EA8832AFE14EA00A0D75F /* youtubeAppStudyNetflixClone */,
				220EA8822AFE14EA00A0D75F /* Products */,
			);
			sourceTree = "<group>";
		};
		220EA8822AFE14EA00A0D75F /* Products */ = {
			isa = PBXGroup;
			children = (
				220EA8812AFE14EA00A0D75F /* youtubeAppStudyNetflixClone.app */,
			);
			name = Products;
			sourceTree = "<group>";
		};
		220EA8832AFE14EA00A0D75F /* youtubeAppStudyNetflixClone */ = {
			isa = PBXGroup;
			children = (
				22440E792AFE532700775193 /* Managers */,
				22440E782AFE531D00775193 /* Resources */,
				22440E772AFE52E600775193 /* Models */,
				22440E752AFE52C800775193 /* Views */,
				22440E762AFE52D400775193 /* ViewModels */,
				22440E6C2AFE4C6500775193 /* Controllers */,
				220EA8842AFE14EA00A0D75F /* AppDelegate.swift */,
				220EA8862AFE14EA00A0D75F /* SceneDelegate.swift */,
				220EA88D2AFE14EC00A0D75F /* Assets.xcassets */,
				220EA88F2AFE14EC00A0D75F /* LaunchScreen.storyboard */,
				220EA8922AFE14EC00A0D75F /* Info.plist */,
			);
			path = youtubeAppStudyNetflixClone;
			sourceTree = "<group>";
		};
		22440E6C2AFE4C6500775193 /* Controllers */ = {
			isa = PBXGroup;
			children = (
				220EA8882AFE14EA00A0D75F /* MainTabBarViewController.swift */,
				22440E6D2AFE4C9700775193 /* HomeViewController.swift */,
				22440E6F2AFE4D0400775193 /* UpcomingViewController.swift */,
				22440E712AFE4D3500775193 /* SearchViewController.swift */,
				22440E732AFE4D6900775193 /* DownloadsViewController.swift */,
			);
			path = Controllers;
			sourceTree = "<group>";
		};
		22440E752AFE52C800775193 /* Views */ = {
			isa = PBXGroup;
			children = (
				22440E7A2AFE536300775193 /* CollectionViewTableViewCell.swift */,
			);
			path = Views;
			sourceTree = "<group>";
		};
		22440E762AFE52D400775193 /* ViewModels */ = {
			isa = PBXGroup;
			children = (
			);
			path = ViewModels;
			sourceTree = "<group>";
		};
		22440E772AFE52E600775193 /* Models */ = {
			isa = PBXGroup;
			children = (
			);
			path = Models;
			sourceTree = "<group>";
		};
		22440E782AFE531D00775193 /* Resources */ = {
			isa = PBXGroup;
			children = (
			);
			path = Resources;
			sourceTree = "<group>";
		};
		22440E792AFE532700775193 /* Managers */ = {
			isa = PBXGroup;
			children = (
			);
			path = Managers;
			sourceTree = "<group>";
		};
/* End PBXGroup section */

/* Begin PBXNativeTarget section */
		220EA8802AFE14EA00A0D75F /* youtubeAppStudyNetflixClone */ = {
			isa = PBXNativeTarget;
			buildConfigurationList = 220EA8952AFE14EC00A0D75F /* Build configuration list for PBXNativeTarget "youtubeAppStudyNetflixClone" */;
			buildPhases = (
				220EA87D2AFE14EA00A0D75F /* Sources */,
				220EA87E2AFE14EA00A0D75F /* Frameworks */,
				220EA87F2AFE14EA00A0D75F /* Resources */,
			);
			buildRules = (
			);
			dependencies = (
			);
			name = youtubeAppStudyNetflixClone;
			productName = youtubeAppStudyNetflixClone;
			productReference = 220EA8812AFE14EA00A0D75F /* youtubeAppStudyNetflixClone.app */;
			productType = "com.apple.product-type.application";
		};
/* End PBXNativeTarget section */

/* Begin PBXProject section */
		220EA8792AFE14EA00A0D75F /* Project object */ = {
			isa = PBXProject;
			attributes = {
				BuildIndependentTargetsInParallel = 1;
				LastSwiftUpdateCheck = 1420;
				LastUpgradeCheck = 1420;
				TargetAttributes = {
					220EA8802AFE14EA00A0D75F = {
						CreatedOnToolsVersion = 14.2;
					};
				};
			};
			buildConfigurationList = 220EA87C2AFE14EA00A0D75F /* Build configuration list for PBXProject "youtubeAppStudyNetflixClone" */;
			compatibilityVersion = "Xcode 14.0";
			developmentRegion = en;
			hasScannedForEncodings = 0;
			knownRegions = (
				en,
				Base,
			);
			mainGroup = 220EA8782AFE14EA00A0D75F;
			productRefGroup = 220EA8822AFE14EA00A0D75F /* Products */;
			projectDirPath = "";
			projectRoot = "";
			targets = (
				220EA8802AFE14EA00A0D75F /* youtubeAppStudyNetflixClone */,
			);
		};
/* End PBXProject section */

/* Begin PBXResourcesBuildPhase section */
		220EA87F2AFE14EA00A0D75F /* Resources */ = {
			isa = PBXResourcesBuildPhase;
			buildActionMask = 2147483647;
			files = (
				220EA8912AFE14EC00A0D75F /* LaunchScreen.storyboard in Resources */,
				220EA88E2AFE14EC00A0D75F /* Assets.xcassets in Resources */,
			);
			runOnlyForDeploymentPostprocessing = 0;
		};
/* End PBXResourcesBuildPhase section */

/* Begin PBXSourcesBuildPhase section */
		220EA87D2AFE14EA00A0D75F /* Sources */ = {
			isa = PBXSourcesBuildPhase;
			buildActionMask = 2147483647;
			files = (
				22440E722AFE4D3500775193 /* SearchViewController.swift in Sources */,
				220EA8892AFE14EA00A0D75F /* MainTabBarViewController.swift in Sources */,
				22440E7B2AFE536300775193 /* CollectionViewTableViewCell.swift in Sources */,
				22440E742AFE4D6900775193 /* DownloadsViewController.swift in Sources */,
				220EA8852AFE14EA00A0D75F /* AppDelegate.swift in Sources */,
				220EA8872AFE14EA00A0D75F /* SceneDelegate.swift in Sources */,
				22440E702AFE4D0400775193 /* UpcomingViewController.swift in Sources */,
				22440E6E2AFE4C9700775193 /* HomeViewController.swift in Sources */,
			);
			runOnlyForDeploymentPostprocessing = 0;
		};
/* End PBXSourcesBuildPhase section */

/* Begin PBXVariantGroup section */
		220EA88F2AFE14EC00A0D75F /* LaunchScreen.storyboard */ = {
			isa = PBXVariantGroup;
			children = (
				220EA8902AFE14EC00A0D75F /* Base */,
			);
			name = LaunchScreen.storyboard;
			sourceTree = "<group>";
		};
/* End PBXVariantGroup section */

/* Begin XCBuildConfiguration section */
		220EA8932AFE14EC00A0D75F /* Debug */ = {
			isa = XCBuildConfiguration;
			buildSettings = {
				ALWAYS_SEARCH_USER_PATHS = NO;
				CLANG_ANALYZER_NONNULL = YES;
				CLANG_ANALYZER_NUMBER_OBJECT_CONVERSION = YES_AGGRESSIVE;
				CLANG_CXX_LANGUAGE_STANDARD = "gnu++20";
				CLANG_ENABLE_MODULES = YES;
				CLANG_ENABLE_OBJC_ARC = YES;
				CLANG_ENABLE_OBJC_WEAK = YES;
				CLANG_WARN_BLOCK_CAPTURE_AUTORELEASING = YES;
				CLANG_WARN_BOOL_CONVERSION = YES;
				CLANG_WARN_COMMA = YES;
				CLANG_WARN_CONSTANT_CONVERSION = YES;
				CLANG_WARN_DEPRECATED_OBJC_IMPLEMENTATIONS = YES;
				CLANG_WARN_DIRECT_OBJC_ISA_USAGE = YES_ERROR;
				CLANG_WARN_DOCUMENTATION_COMMENTS = YES;
				CLANG_WARN_EMPTY_BODY = YES;
				CLANG_WARN_ENUM_CONVERSION = YES;
				CLANG_WARN_INFINITE_RECURSION = YES;
				CLANG_WARN_INT_CONVERSION = YES;
				CLANG_WARN_NON_LITERAL_NULL_CONVERSION = YES;
				CLANG_WARN_OBJC_IMPLICIT_RETAIN_SELF = YES;
				CLANG_WARN_OBJC_LITERAL_CONVERSION = YES;
				CLANG_WARN_OBJC_ROOT_CLASS = YES_ERROR;
				CLANG_WARN_QUOTED_INCLUDE_IN_FRAMEWORK_HEADER = YES;
				CLANG_WARN_RANGE_LOOP_ANALYSIS = YES;
				CLANG_WARN_STRICT_PROTOTYPES = YES;
				CLANG_WARN_SUSPICIOUS_MOVE = YES;
				CLANG_WARN_UNGUARDED_AVAILABILITY = YES_AGGRESSIVE;
				CLANG_WARN_UNREACHABLE_CODE = YES;
				CLANG_WARN__DUPLICATE_METHOD_MATCH = YES;
				COPY_PHASE_STRIP = NO;
				DEBUG_INFORMATION_FORMAT = dwarf;
				ENABLE_STRICT_OBJC_MSGSEND = YES;
				ENABLE_TESTABILITY = YES;
				GCC_C_LANGUAGE_STANDARD = gnu11;
				GCC_DYNAMIC_NO_PIC = NO;
				GCC_NO_COMMON_BLOCKS = YES;
				GCC_OPTIMIZATION_LEVEL = 0;
				GCC_PREPROCESSOR_DEFINITIONS = (
					"DEBUG=1",
					"$(inherited)",
				);
				GCC_WARN_64_TO_32_BIT_CONVERSION = YES;
				GCC_WARN_ABOUT_RETURN_TYPE = YES_ERROR;
				GCC_WARN_UNDECLARED_SELECTOR = YES;
				GCC_WARN_UNINITIALIZED_AUTOS = YES_AGGRESSIVE;
				GCC_WARN_UNUSED_FUNCTION = YES;
				GCC_WARN_UNUSED_VARIABLE = YES;
				IPHONEOS_DEPLOYMENT_TARGET = 16.2;
				MTL_ENABLE_DEBUG_INFO = INCLUDE_SOURCE;
				MTL_FAST_MATH = YES;
				ONLY_ACTIVE_ARCH = YES;
				SDKROOT = iphoneos;
				SWIFT_ACTIVE_COMPILATION_CONDITIONS = DEBUG;
				SWIFT_OPTIMIZATION_LEVEL = "-Onone";
			};
			name = Debug;
		};
		220EA8942AFE14EC00A0D75F /* Release */ = {
			isa = XCBuildConfiguration;
			buildSettings = {
				ALWAYS_SEARCH_USER_PATHS = NO;
				CLANG_ANALYZER_NONNULL = YES;
				CLANG_ANALYZER_NUMBER_OBJECT_CONVERSION = YES_AGGRESSIVE;
				CLANG_CXX_LANGUAGE_STANDARD = "gnu++20";
				CLANG_ENABLE_MODULES = YES;
				CLANG_ENABLE_OBJC_ARC = YES;
				CLANG_ENABLE_OBJC_WEAK = YES;
				CLANG_WARN_BLOCK_CAPTURE_AUTORELEASING = YES;
				CLANG_WARN_BOOL_CONVERSION = YES;
				CLANG_WARN_COMMA = YES;
				CLANG_WARN_CONSTANT_CONVERSION = YES;
				CLANG_WARN_DEPRECATED_OBJC_IMPLEMENTATIONS = YES;
				CLANG_WARN_DIRECT_OBJC_ISA_USAGE = YES_ERROR;
				CLANG_WARN_DOCUMENTATION_COMMENTS = YES;
				CLANG_WARN_EMPTY_BODY = YES;
				CLANG_WARN_ENUM_CONVERSION = YES;
				CLANG_WARN_INFINITE_RECURSION = YES;
				CLANG_WARN_INT_CONVERSION = YES;
				CLANG_WARN_NON_LITERAL_NULL_CONVERSION = YES;
				CLANG_WARN_OBJC_IMPLICIT_RETAIN_SELF = YES;
				CLANG_WARN_OBJC_LITERAL_CONVERSION = YES;
				CLANG_WARN_OBJC_ROOT_CLASS = YES_ERROR;
				CLANG_WARN_QUOTED_INCLUDE_IN_FRAMEWORK_HEADER = YES;
				CLANG_WARN_RANGE_LOOP_ANALYSIS = YES;
				CLANG_WARN_STRICT_PROTOTYPES = YES;
				CLANG_WARN_SUSPICIOUS_MOVE = YES;
				CLANG_WARN_UNGUARDED_AVAILABILITY = YES_AGGRESSIVE;
				CLANG_WARN_UNREACHABLE_CODE = YES;
				CLANG_WARN__DUPLICATE_METHOD_MATCH = YES;
				COPY_PHASE_STRIP = NO;
				DEBUG_INFORMATION_FORMAT = "dwarf-with-dsym";
				ENABLE_NS_ASSERTIONS = NO;
				ENABLE_STRICT_OBJC_MSGSEND = YES;
				GCC_C_LANGUAGE_STANDARD = gnu11;
				GCC_NO_COMMON_BLOCKS = YES;
				GCC_WARN_64_TO_32_BIT_CONVERSION = YES;
				GCC_WARN_ABOUT_RETURN_TYPE = YES_ERROR;
				GCC_WARN_UNDECLARED_SELECTOR = YES;
				GCC_WARN_UNINITIALIZED_AUTOS = YES_AGGRESSIVE;
				GCC_WARN_UNUSED_FUNCTION = YES;
				GCC_WARN_UNUSED_VARIABLE = YES;
				IPHONEOS_DEPLOYMENT_TARGET = 16.2;
				MTL_ENABLE_DEBUG_INFO = NO;
				MTL_FAST_MATH = YES;
				SDKROOT = iphoneos;
				SWIFT_COMPILATION_MODE = wholemodule;
				SWIFT_OPTIMIZATION_LEVEL = "-O";
				VALIDATE_PRODUCT = YES;
			};
			name = Release;
		};
		220EA8962AFE14EC00A0D75F /* Debug */ = {
			isa = XCBuildConfiguration;
			buildSettings = {
				ASSETCATALOG_COMPILER_APPICON_NAME = AppIcon;
				ASSETCATALOG_COMPILER_GLOBAL_ACCENT_COLOR_NAME = AccentColor;
				CODE_SIGN_STYLE = Automatic;
				CURRENT_PROJECT_VERSION = 1;
				DEVELOPMENT_TEAM = G376QDA776;
				GENERATE_INFOPLIST_FILE = YES;
				INFOPLIST_FILE = youtubeAppStudyNetflixClone/Info.plist;
				INFOPLIST_KEY_UIApplicationSupportsIndirectInputEvents = YES;
				INFOPLIST_KEY_UILaunchStoryboardName = LaunchScreen;
				INFOPLIST_KEY_UISupportedInterfaceOrientations_iPad = "UIInterfaceOrientationPortrait UIInterfaceOrientationPortraitUpsideDown UIInterfaceOrientationLandscapeLeft UIInterfaceOrientationLandscapeRight";
				INFOPLIST_KEY_UISupportedInterfaceOrientations_iPhone = "UIInterfaceOrientationPortrait UIInterfaceOrientationLandscapeLeft UIInterfaceOrientationLandscapeRight";
				LD_RUNPATH_SEARCH_PATHS = (
					"$(inherited)",
					"@executable_path/Frameworks",
				);
				MARKETING_VERSION = 1.0;
				PRODUCT_BUNDLE_IDENTIFIER = com.shabernevalexandr.youtubeAppStudyNetflixClone;
				PRODUCT_NAME = "$(TARGET_NAME)";
				SWIFT_EMIT_LOC_STRINGS = YES;
				SWIFT_VERSION = 5.0;
				TARGETED_DEVICE_FAMILY = "1,2";
			};
			name = Debug;
		};
		220EA8972AFE14EC00A0D75F /* Release */ = {
			isa = XCBuildConfiguration;
			buildSettings = {
				ASSETCATALOG_COMPILER_APPICON_NAME = AppIcon;
				ASSETCATALOG_COMPILER_GLOBAL_ACCENT_COLOR_NAME = AccentColor;
				CODE_SIGN_STYLE = Automatic;
				CURRENT_PROJECT_VERSION = 1;
				DEVELOPMENT_TEAM = G376QDA776;
				GENERATE_INFOPLIST_FILE = YES;
				INFOPLIST_FILE = youtubeAppStudyNetflixClone/Info.plist;
				INFOPLIST_KEY_UIApplicationSupportsIndirectInputEvents = YES;
				INFOPLIST_KEY_UILaunchStoryboardName = LaunchScreen;
				INFOPLIST_KEY_UISupportedInterfaceOrientations_iPad = "UIInterfaceOrientationPortrait UIInterfaceOrientationPortraitUpsideDown UIInterfaceOrientationLandscapeLeft UIInterfaceOrientationLandscapeRight";
				INFOPLIST_KEY_UISupportedInterfaceOrientations_iPhone = "UIInterfaceOrientationPortrait UIInterfaceOrientationLandscapeLeft UIInterfaceOrientationLandscapeRight";
				LD_RUNPATH_SEARCH_PATHS = (
					"$(inherited)",
					"@executable_path/Frameworks",
				);
				MARKETING_VERSION = 1.0;
				PRODUCT_BUNDLE_IDENTIFIER = com.shabernevalexandr.youtubeAppStudyNetflixClone;
				PRODUCT_NAME = "$(TARGET_NAME)";
				SWIFT_EMIT_LOC_STRINGS = YES;
				SWIFT_VERSION = 5.0;
				TARGETED_DEVICE_FAMILY = "1,2";
			};
			name = Release;
		};
/* End XCBuildConfiguration section */

/* Begin XCConfigurationList section */
		220EA87C2AFE14EA00A0D75F /* Build configuration list for PBXProject "youtubeAppStudyNetflixClone" */ = {
			isa = XCConfigurationList;
			buildConfigurations = (
				220EA8932AFE14EC00A0D75F /* Debug */,
				220EA8942AFE14EC00A0D75F /* Release */,
			);
			defaultConfigurationIsVisible = 0;
			defaultConfigurationName = Release;
		};
		220EA8952AFE14EC00A0D75F /* Build configuration list for PBXNativeTarget "youtubeAppStudyNetflixClone" */ = {
			isa = XCConfigurationList;
			buildConfigurations = (
				220EA8962AFE14EC00A0D75F /* Debug */,
				220EA8972AFE14EC00A0D75F /* Release */,
			);
			defaultConfigurationIsVisible = 0;
			defaultConfigurationName = Release;
		};
/* End XCConfigurationList section */
	};
	rootObject = 220EA8792AFE14EA00A0D75F /* Project object */;
}
